// !$*UTF8*$!
{
	archiveVersion = 1;
	classes = {
	};
	objectVersion = 56;
	objects = {

/* Begin PBXBuildFile section */
		FE2CBF742C57544400A8F73A /* SweetTreatsApp.swift in Sources */ = {isa = PBXBuildFile; fileRef = FE2CBF732C57544400A8F73A /* SweetTreatsApp.swift */; };
		FE2CBF832C57546B00A8F73A /* Meals.swift in Sources */ = {isa = PBXBuildFile; fileRef = FE2CBF822C57546B00A8F73A /* Meals.swift */; };
		FE2CBF872C57559800A8F73A /* DessertsViewModel.swift in Sources */ = {isa = PBXBuildFile; fileRef = FE2CBF862C57559800A8F73A /* DessertsViewModel.swift */; };
		FE2CBF892C5755A500A8F73A /* Desserts.swift in Sources */ = {isa = PBXBuildFile; fileRef = FE2CBF882C5755A500A8F73A /* Desserts.swift */; };
		FE2CBF8B2C575AEB00A8F73A /* DessertDetailsViewModel.swift in Sources */ = {isa = PBXBuildFile; fileRef = FE2CBF8A2C575AEB00A8F73A /* DessertDetailsViewModel.swift */; };
		FE2CBF8D2C575D0D00A8F73A /* DessertDetails.swift in Sources */ = {isa = PBXBuildFile; fileRef = FE2CBF8C2C575D0D00A8F73A /* DessertDetails.swift */; };
		FE2CBF922C57669C00A8F73A /* Strings.swift in Sources */ = {isa = PBXBuildFile; fileRef = FE2CBF912C57669C00A8F73A /* Strings.swift */; };
/* End PBXBuildFile section */

/* Begin PBXFileReference section */
		FE2CBF702C57544400A8F73A /* SweetTreats.app */ = {isa = PBXFileReference; explicitFileType = wrapper.application; includeInIndex = 0; path = SweetTreats.app; sourceTree = BUILT_PRODUCTS_DIR; };
		FE2CBF732C57544400A8F73A /* SweetTreatsApp.swift */ = {isa = PBXFileReference; lastKnownFileType = sourcecode.swift; path = SweetTreatsApp.swift; sourceTree = "<group>"; };
		FE2CBF822C57546B00A8F73A /* Meals.swift */ = {isa = PBXFileReference; lastKnownFileType = sourcecode.swift; path = Meals.swift; sourceTree = "<group>"; };
		FE2CBF862C57559800A8F73A /* DessertsViewModel.swift */ = {isa = PBXFileReference; lastKnownFileType = sourcecode.swift; path = DessertsViewModel.swift; sourceTree = "<group>"; };
		FE2CBF882C5755A500A8F73A /* Desserts.swift */ = {isa = PBXFileReference; lastKnownFileType = sourcecode.swift; path = Desserts.swift; sourceTree = "<group>"; };
		FE2CBF8A2C575AEB00A8F73A /* DessertDetailsViewModel.swift */ = {isa = PBXFileReference; lastKnownFileType = sourcecode.swift; path = DessertDetailsViewModel.swift; sourceTree = "<group>"; };
		FE2CBF8C2C575D0D00A8F73A /* DessertDetails.swift */ = {isa = PBXFileReference; lastKnownFileType = sourcecode.swift; path = DessertDetails.swift; sourceTree = "<group>"; };
		FE2CBF912C57669C00A8F73A /* Strings.swift */ = {isa = PBXFileReference; lastKnownFileType = sourcecode.swift; path = Strings.swift; sourceTree = "<group>"; };
/* End PBXFileReference section */

/* Begin PBXFrameworksBuildPhase section */
		FE2CBF6D2C57544400A8F73A /* Frameworks */ = {
			isa = PBXFrameworksBuildPhase;
			buildActionMask = 2147483647;
			files = (
			);
			runOnlyForDeploymentPostprocessing = 0;
		};
/* End PBXFrameworksBuildPhase section */

/* Begin PBXGroup section */
		FE2CBF672C57544400A8F73A = {
			isa = PBXGroup;
			children = (
				FE2CBF8E2C57663C00A8F73A /* Validators */,
				FE2CBF852C57555F00A8F73A /* Views */,
				FE2CBF842C57555600A8F73A /* ViewModels */,
				FE2CBF812C57545000A8F73A /* Models */,
				FE2CBF722C57544400A8F73A /* SweetTreats */,
				FE2CBF712C57544400A8F73A /* Products */,
			);
			sourceTree = "<group>";
		};
		FE2CBF712C57544400A8F73A /* Products */ = {
			isa = PBXGroup;
			children = (
				FE2CBF702C57544400A8F73A /* SweetTreats.app */,
			);
			name = Products;
			sourceTree = "<group>";
		};
		FE2CBF722C57544400A8F73A /* SweetTreats */ = {
			isa = PBXGroup;
			children = (
				FE2CBF732C57544400A8F73A /* SweetTreatsApp.swift */,
			);
			path = SweetTreats;
			sourceTree = "<group>";
		};
		FE2CBF812C57545000A8F73A /* Models */ = {
			isa = PBXGroup;
			children = (
				FE2CBF822C57546B00A8F73A /* Meals.swift */,
			);
			path = Models;
			sourceTree = "<group>";
		};
		FE2CBF842C57555600A8F73A /* ViewModels */ = {
			isa = PBXGroup;
			children = (
				FE2CBF862C57559800A8F73A /* DessertsViewModel.swift */,
				FE2CBF8A2C575AEB00A8F73A /* DessertDetailsViewModel.swift */,
			);
			path = ViewModels;
			sourceTree = "<group>";
		};
		FE2CBF852C57555F00A8F73A /* Views */ = {
			isa = PBXGroup;
			children = (
				FE2CBF882C5755A500A8F73A /* Desserts.swift */,
				FE2CBF8C2C575D0D00A8F73A /* DessertDetails.swift */,
			);
			path = Views;
			sourceTree = "<group>";
		};
		FE2CBF8E2C57663C00A8F73A /* Validators */ = {
			isa = PBXGroup;
			children = (
				FE2CBF912C57669C00A8F73A /* Strings.swift */,
			);
			path = Validators;
			sourceTree = "<group>";
		};
/* End PBXGroup section */

/* Begin PBXNativeTarget section */
		FE2CBF6F2C57544400A8F73A /* SweetTreats */ = {
			isa = PBXNativeTarget;
			buildConfigurationList = FE2CBF7E2C57544500A8F73A /* Build configuration list for PBXNativeTarget "SweetTreats" */;
			buildPhases = (
				FE2CBF6C2C57544400A8F73A /* Sources */,
				FE2CBF6D2C57544400A8F73A /* Frameworks */,
				FE2CBF6E2C57544400A8F73A /* Resources */,
			);
			buildRules = (
			);
			dependencies = (
			);
			name = SweetTreats;
			productName = SweetTreats;
			productReference = FE2CBF702C57544400A8F73A /* SweetTreats.app */;
			productType = "com.apple.product-type.application";
		};
/* End PBXNativeTarget section */

/* Begin PBXProject section */
		FE2CBF682C57544400A8F73A /* Project object */ = {
			isa = PBXProject;
			attributes = {
				BuildIndependentTargetsInParallel = 1;
				LastSwiftUpdateCheck = 1530;
				LastUpgradeCheck = 1530;
				TargetAttributes = {
					FE2CBF6F2C57544400A8F73A = {
						CreatedOnToolsVersion = 15.3;
					};
				};
			};
			buildConfigurationList = FE2CBF6B2C57544400A8F73A /* Build configuration list for PBXProject "SweetTreats" */;
			compatibilityVersion = "Xcode 14.0";
			developmentRegion = en;
			hasScannedForEncodings = 0;
			knownRegions = (
				en,
				Base,
			);
			mainGroup = FE2CBF672C57544400A8F73A;
			productRefGroup = FE2CBF712C57544400A8F73A /* Products */;
			projectDirPath = "";
			projectRoot = "";
			targets = (
				FE2CBF6F2C57544400A8F73A /* SweetTreats */,
			);
		};
/* End PBXProject section */

/* Begin PBXResourcesBuildPhase section */
		FE2CBF6E2C57544400A8F73A /* Resources */ = {
			isa = PBXResourcesBuildPhase;
			buildActionMask = 2147483647;
			files = (
			);
			runOnlyForDeploymentPostprocessing = 0;
		};
/* End PBXResourcesBuildPhase section */

/* Begin PBXSourcesBuildPhase section */
		FE2CBF6C2C57544400A8F73A /* Sources */ = {
			isa = PBXSourcesBuildPhase;
			buildActionMask = 2147483647;
			files = (
				FE2CBF832C57546B00A8F73A /* Meals.swift in Sources */,
				FE2CBF892C5755A500A8F73A /* Desserts.swift in Sources */,
				FE2CBF8B2C575AEB00A8F73A /* DessertDetailsViewModel.swift in Sources */,
				FE2CBF8D2C575D0D00A8F73A /* DessertDetails.swift in Sources */,
				FE2CBF742C57544400A8F73A /* SweetTreatsApp.swift in Sources */,
				FE2CBF872C57559800A8F73A /* DessertsViewModel.swift in Sources */,
				FE2CBF922C57669C00A8F73A /* Strings.swift in Sources */,
			);
			runOnlyForDeploymentPostprocessing = 0;
		};
/* End PBXSourcesBuildPhase section */

/* Begin XCBuildConfiguration section */
		FE2CBF7C2C57544500A8F73A /* Debug */ = {
			isa = XCBuildConfiguration;
			buildSettings = {
				ALWAYS_SEARCH_USER_PATHS = NO;
				ASSETCATALOG_COMPILER_GENERATE_SWIFT_ASSET_SYMBOL_EXTENSIONS = YES;
				CLANG_ANALYZER_NONNULL = YES;
				CLANG_ANALYZER_NUMBER_OBJECT_CONVERSION = YES_AGGRESSIVE;
				CLANG_CXX_LANGUAGE_STANDARD = "gnu++20";
				CLANG_ENABLE_MODULES = YES;
				CLANG_ENABLE_OBJC_ARC = YES;
				CLANG_ENABLE_OBJC_WEAK = YES;
				CLANG_WARN_BLOCK_CAPTURE_AUTORELEASING = YES;
				CLANG_WARN_BOOL_CONVERSION = YES;
				CLANG_WARN_COMMA = YES;
				CLANG_WARN_CONSTANT_CONVERSION = YES;
				CLANG_WARN_DEPRECATED_OBJC_IMPLEMENTATIONS = YES;
				CLANG_WARN_DIRECT_OBJC_ISA_USAGE = YES_ERROR;
				CLANG_WARN_DOCUMENTATION_COMMENTS = YES;
				CLANG_WARN_EMPTY_BODY = YES;
				CLANG_WARN_ENUM_CONVERSION = YES;
				CLANG_WARN_INFINITE_RECURSION = YES;
				CLANG_WARN_INT_CONVERSION = YES;
				CLANG_WARN_NON_LITERAL_NULL_CONVERSION = YES;
				CLANG_WARN_OBJC_IMPLICIT_RETAIN_SELF = YES;
				CLANG_WARN_OBJC_LITERAL_CONVERSION = YES;
				CLANG_WARN_OBJC_ROOT_CLASS = YES_ERROR;
				CLANG_WARN_QUOTED_INCLUDE_IN_FRAMEWORK_HEADER = YES;
				CLANG_WARN_RANGE_LOOP_ANALYSIS = YES;
				CLANG_WARN_STRICT_PROTOTYPES = YES;
				CLANG_WARN_SUSPICIOUS_MOVE = YES;
				CLANG_WARN_UNGUARDED_AVAILABILITY = YES_AGGRESSIVE;
				CLANG_WARN_UNREACHABLE_CODE = YES;
				CLANG_WARN__DUPLICATE_METHOD_MATCH = YES;
				COPY_PHASE_STRIP = NO;
				DEBUG_INFORMATION_FORMAT = dwarf;
				ENABLE_STRICT_OBJC_MSGSEND = YES;
				ENABLE_TESTABILITY = YES;
				ENABLE_USER_SCRIPT_SANDBOXING = YES;
				GCC_C_LANGUAGE_STANDARD = gnu17;
				GCC_DYNAMIC_NO_PIC = NO;
				GCC_NO_COMMON_BLOCKS = YES;
				GCC_OPTIMIZATION_LEVEL = 0;
				GCC_PREPROCESSOR_DEFINITIONS = (
					"DEBUG=1",
					"$(inherited)",
				);
				GCC_WARN_64_TO_32_BIT_CONVERSION = YES;
				GCC_WARN_ABOUT_RETURN_TYPE = YES_ERROR;
				GCC_WARN_UNDECLARED_SELECTOR = YES;
				GCC_WARN_UNINITIALIZED_AUTOS = YES_AGGRESSIVE;
				GCC_WARN_UNUSED_FUNCTION = YES;
				GCC_WARN_UNUSED_VARIABLE = YES;
				IPHONEOS_DEPLOYMENT_TARGET = 17.4;
				LOCALIZATION_PREFERS_STRING_CATALOGS = YES;
				MTL_ENABLE_DEBUG_INFO = INCLUDE_SOURCE;
				MTL_FAST_MATH = YES;
				ONLY_ACTIVE_ARCH = YES;
				SDKROOT = iphoneos;
				SWIFT_ACTIVE_COMPILATION_CONDITIONS = "DEBUG $(inherited)";
				SWIFT_OPTIMIZATION_LEVEL = "-Onone";
			};
			name = Debug;
		};
		FE2CBF7D2C57544500A8F73A /* Release */ = {
			isa = XCBuildConfiguration;
			buildSettings = {
				ALWAYS_SEARCH_USER_PATHS = NO;
				ASSETCATALOG_COMPILER_GENERATE_SWIFT_ASSET_SYMBOL_EXTENSIONS = YES;
				CLANG_ANALYZER_NONNULL = YES;
				CLANG_ANALYZER_NUMBER_OBJECT_CONVERSION = YES_AGGRESSIVE;
				CLANG_CXX_LANGUAGE_STANDARD = "gnu++20";
				CLANG_ENABLE_MODULES = YES;
				CLANG_ENABLE_OBJC_ARC = YES;
				CLANG_ENABLE_OBJC_WEAK = YES;
				CLANG_WARN_BLOCK_CAPTURE_AUTORELEASING = YES;
				CLANG_WARN_BOOL_CONVERSION = YES;
				CLANG_WARN_COMMA = YES;
				CLANG_WARN_CONSTANT_CONVERSION = YES;
				CLANG_WARN_DEPRECATED_OBJC_IMPLEMENTATIONS = YES;
				CLANG_WARN_DIRECT_OBJC_ISA_USAGE = YES_ERROR;
				CLANG_WARN_DOCUMENTATION_COMMENTS = YES;
				CLANG_WARN_EMPTY_BODY = YES;
				CLANG_WARN_ENUM_CONVERSION = YES;
				CLANG_WARN_INFINITE_RECURSION = YES;
				CLANG_WARN_INT_CONVERSION = YES;
				CLANG_WARN_NON_LITERAL_NULL_CONVERSION = YES;
				CLANG_WARN_OBJC_IMPLICIT_RETAIN_SELF = YES;
				CLANG_WARN_OBJC_LITERAL_CONVERSION = YES;
				CLANG_WARN_OBJC_ROOT_CLASS = YES_ERROR;
				CLANG_WARN_QUOTED_INCLUDE_IN_FRAMEWORK_HEADER = YES;
				CLANG_WARN_RANGE_LOOP_ANALYSIS = YES;
				CLANG_WARN_STRICT_PROTOTYPES = YES;
				CLANG_WARN_SUSPICIOUS_MOVE = YES;
				CLANG_WARN_UNGUARDED_AVAILABILITY = YES_AGGRESSIVE;
				CLANG_WARN_UNREACHABLE_CODE = YES;
				CLANG_WARN__DUPLICATE_METHOD_MATCH = YES;
				COPY_PHASE_STRIP = NO;
				DEBUG_INFORMATION_FORMAT = "dwarf-with-dsym";
				ENABLE_NS_ASSERTIONS = NO;
				ENABLE_STRICT_OBJC_MSGSEND = YES;
				ENABLE_USER_SCRIPT_SANDBOXING = YES;
				GCC_C_LANGUAGE_STANDARD = gnu17;
				GCC_NO_COMMON_BLOCKS = YES;
				GCC_WARN_64_TO_32_BIT_CONVERSION = YES;
				GCC_WARN_ABOUT_RETURN_TYPE = YES_ERROR;
				GCC_WARN_UNDECLARED_SELECTOR = YES;
				GCC_WARN_UNINITIALIZED_AUTOS = YES_AGGRESSIVE;
				GCC_WARN_UNUSED_FUNCTION = YES;
				GCC_WARN_UNUSED_VARIABLE = YES;
				IPHONEOS_DEPLOYMENT_TARGET = 17.4;
				LOCALIZATION_PREFERS_STRING_CATALOGS = YES;
				MTL_ENABLE_DEBUG_INFO = NO;
				MTL_FAST_MATH = YES;
				SDKROOT = iphoneos;
				SWIFT_COMPILATION_MODE = wholemodule;
				VALIDATE_PRODUCT = YES;
			};
			name = Release;
		};
		FE2CBF7F2C57544500A8F73A /* Debug */ = {
			isa = XCBuildConfiguration;
			buildSettings = {
				ASSETCATALOG_COMPILER_APPICON_NAME = AppIcon;
				ASSETCATALOG_COMPILER_GLOBAL_ACCENT_COLOR_NAME = AccentColor;
				CODE_SIGN_STYLE = Automatic;
				CURRENT_PROJECT_VERSION = 1;
				DEVELOPMENT_ASSET_PATHS = "\"SweetTreats/Preview Content\"";
				ENABLE_PREVIEWS = YES;
				GENERATE_INFOPLIST_FILE = YES;
				INFOPLIST_KEY_UIApplicationSceneManifest_Generation = YES;
				INFOPLIST_KEY_UIApplicationSupportsIndirectInputEvents = YES;
				INFOPLIST_KEY_UILaunchScreen_Generation = YES;
				INFOPLIST_KEY_UISupportedInterfaceOrientations_iPad = "UIInterfaceOrientationPortrait UIInterfaceOrientationPortraitUpsideDown UIInterfaceOrientationLandscapeLeft UIInterfaceOrientationLandscapeRight";
				INFOPLIST_KEY_UISupportedInterfaceOrientations_iPhone = "UIInterfaceOrientationPortrait UIInterfaceOrientationLandscapeLeft UIInterfaceOrientationLandscapeRight";
				LD_RUNPATH_SEARCH_PATHS = (
					"$(inherited)",
					"@executable_path/Frameworks",
				);
				MARKETING_VERSION = 1.0;
				PRODUCT_BUNDLE_IDENTIFIER = atlc.SweetTreats;
				PRODUCT_NAME = "$(TARGET_NAME)";
				SWIFT_EMIT_LOC_STRINGS = YES;
				SWIFT_VERSION = 5.0;
				TARGETED_DEVICE_FAMILY = "1,2";
			};
			name = Debug;
		};
		FE2CBF802C57544500A8F73A /* Release */ = {
			isa = XCBuildConfiguration;
			buildSettings = {
				ASSETCATALOG_COMPILER_APPICON_NAME = AppIcon;
				ASSETCATALOG_COMPILER_GLOBAL_ACCENT_COLOR_NAME = AccentColor;
				CODE_SIGN_STYLE = Automatic;
				CURRENT_PROJECT_VERSION = 1;
				DEVELOPMENT_ASSET_PATHS = "\"SweetTreats/Preview Content\"";
				ENABLE_PREVIEWS = YES;
				GENERATE_INFOPLIST_FILE = YES;
				INFOPLIST_KEY_UIApplicationSceneManifest_Generation = YES;
				INFOPLIST_KEY_UIApplicationSupportsIndirectInputEvents = YES;
				INFOPLIST_KEY_UILaunchScreen_Generation = YES;
				INFOPLIST_KEY_UISupportedInterfaceOrientations_iPad = "UIInterfaceOrientationPortrait UIInterfaceOrientationPortraitUpsideDown UIInterfaceOrientationLandscapeLeft UIInterfaceOrientationLandscapeRight";
				INFOPLIST_KEY_UISupportedInterfaceOrientations_iPhone = "UIInterfaceOrientationPortrait UIInterfaceOrientationLandscapeLeft UIInterfaceOrientationLandscapeRight";
				LD_RUNPATH_SEARCH_PATHS = (
					"$(inherited)",
					"@executable_path/Frameworks",
				);
				MARKETING_VERSION = 1.0;
				PRODUCT_BUNDLE_IDENTIFIER = atlc.SweetTreats;
				PRODUCT_NAME = "$(TARGET_NAME)";
				SWIFT_EMIT_LOC_STRINGS = YES;
				SWIFT_VERSION = 5.0;
				TARGETED_DEVICE_FAMILY = "1,2";
			};
			name = Release;
		};
/* End XCBuildConfiguration section */

/* Begin XCConfigurationList section */
		FE2CBF6B2C57544400A8F73A /* Build configuration list for PBXProject "SweetTreats" */ = {
			isa = XCConfigurationList;
			buildConfigurations = (
				FE2CBF7C2C57544500A8F73A /* Debug */,
				FE2CBF7D2C57544500A8F73A /* Release */,
			);
			defaultConfigurationIsVisible = 0;
			defaultConfigurationName = Release;
		};
		FE2CBF7E2C57544500A8F73A /* Build configuration list for PBXNativeTarget "SweetTreats" */ = {
			isa = XCConfigurationList;
			buildConfigurations = (
				FE2CBF7F2C57544500A8F73A /* Debug */,
				FE2CBF802C57544500A8F73A /* Release */,
			);
			defaultConfigurationIsVisible = 0;
			defaultConfigurationName = Release;
		};
/* End XCConfigurationList section */
	};
	rootObject = FE2CBF682C57544400A8F73A /* Project object */;
}
